{
  "name": "react-native-nested-text",
  "version": "0.2.0",
  "lockfileVersion": 1,
  "requires": true,
  "dependencies": {
    "@react-native-community/eslint-config": {
      "version": "0.0.5",
      "resolved": "https://registry.npmjs.org/@react-native-community/eslint-config/-/eslint-config-0.0.5.tgz",
      "integrity": "sha512-jwO2tnKaTPTLX5XYXMHGEnFdf543SU7jz98/OF5mDH3b7lP+BOaCD+jVfqqHoDRkcqyPlYiR1CgwVGWpi0vMWg==",
      "dev": true
    },
    "@types/react": {
      "version": "16.9.11",
      "resolved": "https://registry.npmjs.org/@types/react/-/react-16.9.11.tgz",
      "integrity": "sha512-UBT4GZ3PokTXSWmdgC/GeCGEJXE5ofWyibCcecRLUVN2ZBpXQGVgQGtG2foS7CrTKFKlQVVswLvf7Js6XA/CVQ==",
      "dev": true
    },
    "@types/react-native": {
      "version": "0.60.22",
      "resolved": "https://registry.npmjs.org/@types/react-native/-/react-native-0.60.22.tgz",
      "integrity": "sha512-LTXMKEyGA+x4kadmjujX6yAgpcaZutJ01lC7zLJWCULaZg7Qw5/3iOQpwIJRUcOc+a8A2RR7rSxplehVf9IuhA==",
      "dev": true
    },
    "prettier": {
      "version": "1.18.2",
      "resolved": "https://registry.npmjs.org/prettier/-/prettier-1.18.2.tgz",
      "integrity": "sha512-OeHeMc0JhFE9idD4ZdtNibzY0+TPHSpSSb9h8FqtP+YnoZZ1sl8Vc9b1sasjfymH3SonAF4QcA2+mzHPhMvIiw==",
      "dev": true
    },
    "react": {
      "version": "16.11.0",
      "resolved": "https://registry.npmjs.org/react/-/react-16.11.0.tgz",
      "integrity": "sha512-M5Y8yITaLmU0ynd0r1Yvfq98Rmll6q8AxaEe88c8e7LxO8fZ2cNgmFt0aGAS9wzf1Ao32NKXtCl+/tVVtkxq6g==",
      "dev": true
    },
    "react-native": {
      "version": "0.60.6",
      "resolved": "https://registry.npmjs.org/react-native/-/react-native-0.60.6.tgz",
      "integrity": "sha512-eIoHh0fncrmw2WUs42D1KwLfatOuLFLFLOKzJJJ8mOOQtbo9i2rOOa0+2iWjefDoAy8BJH88bQGvDvlrexmhow==",
      "dev": true,
      "dependencies": {
        "@react-native-community/cli": {
          "version": "2.9.0",
          "resolved": "https://registry.npmjs.org/@react-native-community/cli/-/cli-2.9.0.tgz",
          "integrity": "sha512-6TYkrR1pwIEPpiPZnOYscCGr5Xh8RijqBPVAOGTaEdpQQpc/J7GDPrePwbyTzwmCPtiK6XT+T5+1AiAK5bz/sw=="
        }
      }
    },
    "tslint": {
      "version": "5.20.0",
      "resolved": "https://registry.npmjs.org/tslint/-/tslint-5.20.0.tgz",
      "integrity": "sha512-2vqIvkMHbnx8acMogAERQ/IuINOq6DFqgF8/VDvhEkBqQh/x6SP0Y+OHnKth9/ZcHQSroOZwUQSN18v8KKF0/g==",
      "dev": true,
      "dependencies": {
        "tsutils": {
          "version": "2.29.0",
          "resolved": "https://registry.npmjs.org/tsutils/-/tsutils-2.29.0.tgz",
          "integrity": "sha512-g5JVHCIJwzfISaXpXE1qvNalca5Jwob6FjI4AoPlqMusJ6ftFE7IkkFoMhVLRgK+4Kx3gkzb8UZK5t5yTTvEmA=="
        }
      }
    },
    "tslint-config-prettier": {
      "version": "1.18.0",
      "resolved": "https://registry.npmjs.org/tslint-config-prettier/-/tslint-config-prettier-1.18.0.tgz",
      "integrity": "sha512-xPw9PgNPLG3iKRxmK7DWr+Ea/SzrvfHtjFt5LBl61gk2UBG/DB9kCXRjv+xyIU1rUtnayLeMUVJBcMX8Z17nDg==",
      "dev": true
    },
    "typescript": {
      "version": "3.7.1-rc",
      "resolved": "https://registry.npmjs.org/typescript/-/typescript-3.7.1-rc.tgz",
      "integrity": "sha512-2rMtWppLsaPvmpXsoIAXWDBQVnJMw1ITGGSnidMuayLj9iCmMRT69ncKZw/Mk5rXfJkilApKucWQZxproALoRw==",
      "dev": true
    }
  }
}
